
Microsoft Visual Studio Solution File, Format Version 12.00
# Visual Studio Version 16
VisualStudioVersion = 16.0.30517.126
MinimumVisualStudioVersion = 10.0.40219.1
Project("{9A19103F-16F7-4668-BE54-9A1E7A4F7556}") = "PreProcessing", "PreProcessing\PreProcessing.csproj", "{2EB78EDF-ABC3-4CCE-9AFA-802069EF224D}"
EndProject
Project("{9A19103F-16F7-4668-BE54-9A1E7A4F7556}") = "N00bIntroToMLML.ConsoleApp", "N00bIntroToMLML.ConsoleApp\N00bIntroToMLML.ConsoleApp.csproj", "{DEA75FCA-DD2C-4860-AA7C-0DBCB234FC37}"
EndProject
Project("{9A19103F-16F7-4668-BE54-9A1E7A4F7556}") = "N00bIntroToMLML.Model", "N00bIntroToMLML.Model\N00bIntroToMLML.Model.csproj", "{ECEB593F-BA49-4251-89C1-757BAC723AA6}"
EndProject
Global
	GlobalSection(SolutionConfigurationPlatforms) = preSolution
		Debug|Any CPU = Debug|Any CPU
		Release|Any CPU = Release|Any CPU
	EndGlobalSection
	GlobalSection(ProjectConfigurationPlatforms) = postSolution
		{2EB78EDF-ABC3-4CCE-9AFA-802069EF224D}.Debug|Any CPU.ActiveCfg = Debug|Any CPU
		{2EB78EDF-ABC3-4CCE-9AFA-802069EF224D}.Debug|Any CPU.Build.0 = Debug|Any CPU
		{2EB78EDF-ABC3-4CCE-9AFA-802069EF224D}.Release|Any CPU.ActiveCfg = Release|Any CPU
		{2EB78EDF-ABC3-4CCE-9AFA-802069EF224D}.Release|Any CPU.Build.0 = Release|Any CPU
		{DEA75FCA-DD2C-4860-AA7C-0DBCB234FC37}.Debug|Any CPU.ActiveCfg = Debug|Any CPU
		{DEA75FCA-DD2C-4860-AA7C-0DBCB234FC37}.Debug|Any CPU.Build.0 = Debug|Any CPU
		{DEA75FCA-DD2C-4860-AA7C-0DBCB234FC37}.Release|Any CPU.ActiveCfg = Release|Any CPU
		{DEA75FCA-DD2C-4860-AA7C-0DBCB234FC37}.Release|Any CPU.Build.0 = Release|Any CPU
		{ECEB593F-BA49-4251-89C1-757BAC723AA6}.Debug|Any CPU.ActiveCfg = Debug|Any CPU
		{ECEB593F-BA49-4251-89C1-757BAC723AA6}.Debug|Any CPU.Build.0 = Debug|Any CPU
		{ECEB593F-BA49-4251-89C1-757BAC723AA6}.Release|Any CPU.ActiveCfg = Release|Any CPU
		{ECEB593F-BA49-4251-89C1-757BAC723AA6}.Release|Any CPU.Build.0 = Release|Any CPU
	EndGlobalSection
	GlobalSection(SolutionProperties) = preSolution
		HideSolutionNode = FALSE
	EndGlobalSection
	GlobalSection(ExtensibilityGlobals) = postSolution
		SolutionGuid = {04957A3A-69D6-460E-B730-762B98D26481}
	EndGlobalSection
EndGlobal
